
Microsoft Visual Studio Solution File, Format Version 12.00
# Visual Studio Version 16
VisualStudioVersion = 16.0.31424.327
MinimumVisualStudioVersion = 10.0.40219.1
Project("{9A19103F-16F7-4668-BE54-9A1E7A4F7556}") = "Testing", "ConsoleApp1\Testing.csproj", "{607B6B6B-44A7-4724-BA14-1F85B1551381}"
EndProject
Global
	GlobalSection(SolutionConfigurationPlatforms) = preSolution
		Debug|Any CPU = Debug|Any CPU
		Release|Any CPU = Release|Any CPU
	EndGlobalSection
	GlobalSection(ProjectConfigurationPlatforms) = postSolution
		{607B6B6B-44A7-4724-BA14-1F85B1551381}.Debug|Any CPU.ActiveCfg = Debug|Any CPU
		{607B6B6B-44A7-4724-BA14-1F85B1551381}.Debug|Any CPU.Build.0 = Debug|Any CPU
		{607B6B6B-44A7-4724-BA14-1F85B1551381}.Release|Any CPU.ActiveCfg = Release|Any CPU
		{607B6B6B-44A7-4724-BA14-1F85B1551381}.Release|Any CPU.Build.0 = Release|Any CPU
	EndGlobalSection
	GlobalSection(SolutionProperties) = preSolution
		HideSolutionNode = FALSE
	EndGlobalSection
	GlobalSection(ExtensibilityGlobals) = postSolution
		SolutionGuid = {E4F2C3E5-30BA-44C7-B4D5-81DF95736C97}
	EndGlobalSection
EndGlobal
